
Microsoft Visual Studio Solution File, Format Version 12.00
# Visual Studio Version 17
VisualStudioVersion = 17.6.33829.357
MinimumVisualStudioVersion = 10.0.40219.1
Project("{9A19103F-16F7-4668-BE54-9A1E7A4F7556}") = "ITDeskServer", "ITDeskServer.csproj", "{3DDA3927-6967-40FD-9F2D-54E052A566DB}"
EndProject
Project("{FAE04EC0-301F-11D3-BF4B-00C04F79EFBC}") = "ITDesk.SignInResult", "..\ITDesk.SignInResult\ITDesk.SignInResult.csproj", "{E841598A-7C48-451D-A889-621C6112D56B}"
EndProject
Global
	GlobalSection(SolutionConfigurationPlatforms) = preSolution
		Debug|Any CPU = Debug|Any CPU
		Release|Any CPU = Release|Any CPU
	EndGlobalSection
	GlobalSection(ProjectConfigurationPlatforms) = postSolution
		{3DDA3927-6967-40FD-9F2D-54E052A566DB}.Debug|Any CPU.ActiveCfg = Debug|Any CPU
		{3DDA3927-6967-40FD-9F2D-54E052A566DB}.Debug|Any CPU.Build.0 = Debug|Any CPU
		{3DDA3927-6967-40FD-9F2D-54E052A566DB}.Release|Any CPU.ActiveCfg = Release|Any CPU
		{3DDA3927-6967-40FD-9F2D-54E052A566DB}.Release|Any CPU.Build.0 = Release|Any CPU
		{E841598A-7C48-451D-A889-621C6112D56B}.Debug|Any CPU.ActiveCfg = Debug|Any CPU
		{E841598A-7C48-451D-A889-621C6112D56B}.Debug|Any CPU.Build.0 = Debug|Any CPU
		{E841598A-7C48-451D-A889-621C6112D56B}.Release|Any CPU.ActiveCfg = Release|Any CPU
		{E841598A-7C48-451D-A889-621C6112D56B}.Release|Any CPU.Build.0 = Release|Any CPU
	EndGlobalSection
	GlobalSection(SolutionProperties) = preSolution
		HideSolutionNode = FALSE
	EndGlobalSection
	GlobalSection(ExtensibilityGlobals) = postSolution
		SolutionGuid = {3B648943-AA05-4158-B64C-7CE5931474F5}
	EndGlobalSection
EndGlobal
